
Microsoft Visual Studio Solution File, Format Version 12.00
# Visual Studio 15
VisualStudioVersion = 15.0.28307.421
MinimumVisualStudioVersion = 10.0.40219.1
Project("{FAE04EC0-301F-11D3-BF4B-00C04F79EFBC}") = "IoCFirstPrinciples.App", "IoCFirstPrinciples.App\IoCFirstPrinciples.App.csproj", "{137E89D2-6C72-44A4-834C-E4CB827F55E1}"
EndProject
Project("{FAE04EC0-301F-11D3-BF4B-00C04F79EFBC}") = "IoCFirstPrinciples.UnitTests", "IoCFirstPrinciples.UnitTests\IoCFirstPrinciples.UnitTests.csproj", "{159F091C-FFE2-42E0-87D6-DE9F7EE77662}"
EndProject
Global
	GlobalSection(SolutionConfigurationPlatforms) = preSolution
		Debug|Any CPU = Debug|Any CPU
		Release|Any CPU = Release|Any CPU
	EndGlobalSection
	GlobalSection(ProjectConfigurationPlatforms) = postSolution
		{137E89D2-6C72-44A4-834C-E4CB827F55E1}.Debug|Any CPU.ActiveCfg = Debug|Any CPU
		{137E89D2-6C72-44A4-834C-E4CB827F55E1}.Debug|Any CPU.Build.0 = Debug|Any CPU
		{137E89D2-6C72-44A4-834C-E4CB827F55E1}.Release|Any CPU.ActiveCfg = Release|Any CPU
		{137E89D2-6C72-44A4-834C-E4CB827F55E1}.Release|Any CPU.Build.0 = Release|Any CPU
		{159F091C-FFE2-42E0-87D6-DE9F7EE77662}.Debug|Any CPU.ActiveCfg = Debug|Any CPU
		{159F091C-FFE2-42E0-87D6-DE9F7EE77662}.Debug|Any CPU.Build.0 = Debug|Any CPU
		{159F091C-FFE2-42E0-87D6-DE9F7EE77662}.Release|Any CPU.ActiveCfg = Release|Any CPU
		{159F091C-FFE2-42E0-87D6-DE9F7EE77662}.Release|Any CPU.Build.0 = Release|Any CPU
	EndGlobalSection
	GlobalSection(SolutionProperties) = preSolution
		HideSolutionNode = FALSE
	EndGlobalSection
	GlobalSection(ExtensibilityGlobals) = postSolution
		SolutionGuid = {572B330C-D2F4-4776-AE80-0E262ADDDAD2}
	EndGlobalSection
EndGlobal
